
Microsoft Visual Studio Solution File, Format Version 12.00
# Visual Studio Version 17
VisualStudioVersion = 17.5.002.0
MinimumVisualStudioVersion = 10.0.40219.1
Project("{9A19103F-16F7-4668-BE54-9A1E7A4F7556}") = "StripeWebApp", "StripeWebApp.csproj", "{F484D6B5-C502-496E-AF65-2C6077C19369}"
EndProject
Global
	GlobalSection(SolutionConfigurationPlatforms) = preSolution
		Debug|Any CPU = Debug|Any CPU
		Release|Any CPU = Release|Any CPU
	EndGlobalSection
	GlobalSection(ProjectConfigurationPlatforms) = postSolution
		{F484D6B5-C502-496E-AF65-2C6077C19369}.Debug|Any CPU.ActiveCfg = Debug|Any CPU
		{F484D6B5-C502-496E-AF65-2C6077C19369}.Debug|Any CPU.Build.0 = Debug|Any CPU
		{F484D6B5-C502-496E-AF65-2C6077C19369}.Release|Any CPU.ActiveCfg = Release|Any CPU
		{F484D6B5-C502-496E-AF65-2C6077C19369}.Release|Any CPU.Build.0 = Release|Any CPU
	EndGlobalSection
	GlobalSection(SolutionProperties) = preSolution
		HideSolutionNode = FALSE
	EndGlobalSection
	GlobalSection(ExtensibilityGlobals) = postSolution
		SolutionGuid = {AC4207B9-4F00-473C-9DF0-7190C8D2912F}
	EndGlobalSection
EndGlobal
